
Microsoft Visual Studio Solution File, Format Version 12.00
# Visual Studio Version 16
VisualStudioVersion = 16.0.809.8
MinimumVisualStudioVersion = 10.0.40219.1
Project("{FAE04EC0-301F-11D3-BF4B-00C04F79EFBC}") = "WonderWall", "WonderWall\WonderWall.csproj", "{EF4B1700-ADE8-4CA7-9541-ADA18A4A216C}"
EndProject
Global
	GlobalSection(SolutionConfigurationPlatforms) = preSolution
		Debug|anycpu = Debug|anycpu
		Release|anycpu = Release|anycpu
	EndGlobalSection
	GlobalSection(ProjectConfigurationPlatforms) = postSolution
		{EF4B1700-ADE8-4CA7-9541-ADA18A4A216C}.Debug|anycpu.ActiveCfg = Debug|anycpu
		{EF4B1700-ADE8-4CA7-9541-ADA18A4A216C}.Debug|anycpu.Build.0 = Debug|anycpu
		{EF4B1700-ADE8-4CA7-9541-ADA18A4A216C}.Release|anycpu.ActiveCfg = Release|anycpu
		{EF4B1700-ADE8-4CA7-9541-ADA18A4A216C}.Release|anycpu.Build.0 = Release|anycpu
	EndGlobalSection
	GlobalSection(SolutionProperties) = preSolution
		HideSolutionNode = FALSE
	EndGlobalSection
	GlobalSection(ExtensibilityGlobals) = postSolution
		SolutionGuid = {C277DD94-91A2-451E-9764-C9687DB8ECC0}
	EndGlobalSection
EndGlobal
