
Microsoft Visual Studio Solution File, Format Version 12.00
# Visual Studio 15
Project("{FAE04EC0-301F-11D3-BF4B-00C04F79EFBC}") = "SharpLights", "SharpLights\SharpLights.csproj", "{D76224CB-CB9B-4504-829C-9492862DEA4B}"
EndProject
Global
	GlobalSection(SolutionConfigurationPlatforms) = preSolution
		Debug|x86 = Debug|x86
		Release|x86 = Release|x86
	EndGlobalSection
	GlobalSection(ProjectConfigurationPlatforms) = postSolution
		{D76224CB-CB9B-4504-829C-9492862DEA4B}.Debug|x86.ActiveCfg = Debug|x86
		{D76224CB-CB9B-4504-829C-9492862DEA4B}.Debug|x86.Build.0 = Debug|x86
		{D76224CB-CB9B-4504-829C-9492862DEA4B}.Release|x86.ActiveCfg = Release|x86
		{D76224CB-CB9B-4504-829C-9492862DEA4B}.Release|x86.Build.0 = Release|x86
	EndGlobalSection
EndGlobal
